Microsoft Visual Studio Solution File, Format Version 12.00
# Visual Studio 2012
Project("{FAE04EC0-301F-11D3-BF4B-00C04F79EFBC}") = "Controls and Forms Testing", "Controls and Forms Testing\Controls and Forms Testing.csproj", "{50286084-BAD7-4C8D-AC57-C1DFD14144E5}"
EndProject
Project("{FAE04EC0-301F-11D3-BF4B-00C04F79EFBC}") = "Unit Tests", "Unit Tests\Unit Tests.csproj", "{E76AB2F0-E110-405B-9EE1-FFA1D554D522}"
EndProject
Project("{FAE04EC0-301F-11D3-BF4B-00C04F79EFBC}") = "DPM", "Library\DPM.csproj", "{078EA7C0-7EE8-4D51-9421-8EEDC779ACBB}"
EndProject
Global
	GlobalSection(SolutionConfigurationPlatforms) = preSolution
		Debug|Any CPU = Debug|Any CPU
		Release|Any CPU = Release|Any CPU
	EndGlobalSection
	GlobalSection(ProjectConfigurationPlatforms) = postSolution
		{50286084-BAD7-4C8D-AC57-C1DFD14144E5}.Debug|Any CPU.ActiveCfg = Debug|Any CPU
		{50286084-BAD7-4C8D-AC57-C1DFD14144E5}.Debug|Any CPU.Build.0 = Debug|Any CPU
		{50286084-BAD7-4C8D-AC57-C1DFD14144E5}.Release|Any CPU.ActiveCfg = Release|Any CPU
		{50286084-BAD7-4C8D-AC57-C1DFD14144E5}.Release|Any CPU.Build.0 = Release|Any CPU
		{E76AB2F0-E110-405B-9EE1-FFA1D554D522}.Debug|Any CPU.ActiveCfg = Debug|Any CPU
		{E76AB2F0-E110-405B-9EE1-FFA1D554D522}.Debug|Any CPU.Build.0 = Debug|Any CPU
		{E76AB2F0-E110-405B-9EE1-FFA1D554D522}.Release|Any CPU.ActiveCfg = Release|Any CPU
		{E76AB2F0-E110-405B-9EE1-FFA1D554D522}.Release|Any CPU.Build.0 = Release|Any CPU
		{078EA7C0-7EE8-4D51-9421-8EEDC779ACBB}.Debug|Any CPU.ActiveCfg = Debug|Any CPU
		{078EA7C0-7EE8-4D51-9421-8EEDC779ACBB}.Debug|Any CPU.Build.0 = Debug|Any CPU
		{078EA7C0-7EE8-4D51-9421-8EEDC779ACBB}.Release|Any CPU.ActiveCfg = Release|Any CPU
		{078EA7C0-7EE8-4D51-9421-8EEDC779ACBB}.Release|Any CPU.Build.0 = Release|Any CPU
	EndGlobalSection
	GlobalSection(SolutionProperties) = preSolution
		HideSolutionNode = FALSE
	EndGlobalSection
EndGlobal
